
Microsoft Visual Studio Solution File, Format Version 12.00
# Visual Studio Version 16
VisualStudioVersion = 16.0.29613.14
MinimumVisualStudioVersion = 10.0.40219.1
Project("{9A19103F-16F7-4668-BE54-9A1E7A4F7556}") = "OpenTransportData.API", "OpenTransportData.API\OpenTransportData.API.csproj", "{59BA1018-8090-440F-9A7F-9CA652D0D420}"
EndProject
Project("{9A19103F-16F7-4668-BE54-9A1E7A4F7556}") = "OpenTransportData.Service.Train", "OpenTransportData.Service.Train\OpenTransportData.Service.Train.csproj", "{023BD8F9-C59B-46D0-9944-653A8285D58A}"
EndProject
Project("{9A19103F-16F7-4668-BE54-9A1E7A4F7556}") = "OpenTransportData.Service.Bus", "OpenTransportData.Service.Bus\OpenTransportData.Service.Bus.csproj", "{EE17DEA3-645F-45AE-ABFC-3FCA476BA3BC}"
EndProject
Project("{9A19103F-16F7-4668-BE54-9A1E7A4F7556}") = "OpenTransportData.Tests", "OpenTransportData.Tests\OpenTransportData.Tests.csproj", "{E144F784-8E2F-4FA7-9D23-E90BE7FA8AAE}"
EndProject
Global
	GlobalSection(SolutionConfigurationPlatforms) = preSolution
		Debug|Any CPU = Debug|Any CPU
		Release|Any CPU = Release|Any CPU
	EndGlobalSection
	GlobalSection(ProjectConfigurationPlatforms) = postSolution
		{59BA1018-8090-440F-9A7F-9CA652D0D420}.Debug|Any CPU.ActiveCfg = Debug|Any CPU
		{59BA1018-8090-440F-9A7F-9CA652D0D420}.Debug|Any CPU.Build.0 = Debug|Any CPU
		{59BA1018-8090-440F-9A7F-9CA652D0D420}.Release|Any CPU.ActiveCfg = Release|Any CPU
		{59BA1018-8090-440F-9A7F-9CA652D0D420}.Release|Any CPU.Build.0 = Release|Any CPU
		{023BD8F9-C59B-46D0-9944-653A8285D58A}.Debug|Any CPU.ActiveCfg = Debug|Any CPU
		{023BD8F9-C59B-46D0-9944-653A8285D58A}.Debug|Any CPU.Build.0 = Debug|Any CPU
		{023BD8F9-C59B-46D0-9944-653A8285D58A}.Release|Any CPU.ActiveCfg = Release|Any CPU
		{023BD8F9-C59B-46D0-9944-653A8285D58A}.Release|Any CPU.Build.0 = Release|Any CPU
		{EE17DEA3-645F-45AE-ABFC-3FCA476BA3BC}.Debug|Any CPU.ActiveCfg = Debug|Any CPU
		{EE17DEA3-645F-45AE-ABFC-3FCA476BA3BC}.Debug|Any CPU.Build.0 = Debug|Any CPU
		{EE17DEA3-645F-45AE-ABFC-3FCA476BA3BC}.Release|Any CPU.ActiveCfg = Release|Any CPU
		{EE17DEA3-645F-45AE-ABFC-3FCA476BA3BC}.Release|Any CPU.Build.0 = Release|Any CPU
		{E144F784-8E2F-4FA7-9D23-E90BE7FA8AAE}.Debug|Any CPU.ActiveCfg = Debug|Any CPU
		{E144F784-8E2F-4FA7-9D23-E90BE7FA8AAE}.Debug|Any CPU.Build.0 = Debug|Any CPU
		{E144F784-8E2F-4FA7-9D23-E90BE7FA8AAE}.Release|Any CPU.ActiveCfg = Release|Any CPU
		{E144F784-8E2F-4FA7-9D23-E90BE7FA8AAE}.Release|Any CPU.Build.0 = Release|Any CPU
	EndGlobalSection
	GlobalSection(SolutionProperties) = preSolution
		HideSolutionNode = FALSE
	EndGlobalSection
	GlobalSection(ExtensibilityGlobals) = postSolution
		SolutionGuid = {5196E18F-21A3-45AD-BE94-C7DD912B46AC}
	EndGlobalSection
EndGlobal
